
Microsoft Visual Studio Solution File, Format Version 12.00
# Visual Studio Version 17
VisualStudioVersion = 17.7.34221.43
MinimumVisualStudioVersion = 10.0.40219.1
Project("{9A19103F-16F7-4668-BE54-9A1E7A4F7556}") = "Labs.Domain", "Labs.Domain\Labs.Domain.csproj", "{8EDE092D-6A69-4F92-92CD-C26E845B9FC1}"
EndProject
Project("{9A19103F-16F7-4668-BE54-9A1E7A4F7556}") = "Labs.Infra", "Labs.Infra\Labs.Infra.csproj", "{AA074991-9125-47E4-A63A-E6FDF93C6FD4}"
EndProject
Project("{9A19103F-16F7-4668-BE54-9A1E7A4F7556}") = "Labs.Aplication", "Labs.Aplication\Labs.Aplication.csproj", "{8852CDD9-70DB-4478-A59A-EDA12AB5FB48}"
EndProject
Project("{9A19103F-16F7-4668-BE54-9A1E7A4F7556}") = "Labs.Api", "Labs.Api\Labs.Api.csproj", "{B05581F2-B862-449F-9DE2-1031C5A64496}"
EndProject
Project("{9A19103F-16F7-4668-BE54-9A1E7A4F7556}") = "Labs.Ioc", "Labs.Ioc\Labs.Ioc.csproj", "{AC71F0F5-D111-4070-9F77-6DFAA302EDC2}"
EndProject
Global
	GlobalSection(SolutionConfigurationPlatforms) = preSolution
		Debug|Any CPU = Debug|Any CPU
		Release|Any CPU = Release|Any CPU
	EndGlobalSection
	GlobalSection(ProjectConfigurationPlatforms) = postSolution
		{8EDE092D-6A69-4F92-92CD-C26E845B9FC1}.Debug|Any CPU.ActiveCfg = Debug|Any CPU
		{8EDE092D-6A69-4F92-92CD-C26E845B9FC1}.Debug|Any CPU.Build.0 = Debug|Any CPU
		{8EDE092D-6A69-4F92-92CD-C26E845B9FC1}.Release|Any CPU.ActiveCfg = Release|Any CPU
		{8EDE092D-6A69-4F92-92CD-C26E845B9FC1}.Release|Any CPU.Build.0 = Release|Any CPU
		{AA074991-9125-47E4-A63A-E6FDF93C6FD4}.Debug|Any CPU.ActiveCfg = Debug|Any CPU
		{AA074991-9125-47E4-A63A-E6FDF93C6FD4}.Debug|Any CPU.Build.0 = Debug|Any CPU
		{AA074991-9125-47E4-A63A-E6FDF93C6FD4}.Release|Any CPU.ActiveCfg = Release|Any CPU
		{AA074991-9125-47E4-A63A-E6FDF93C6FD4}.Release|Any CPU.Build.0 = Release|Any CPU
		{8852CDD9-70DB-4478-A59A-EDA12AB5FB48}.Debug|Any CPU.ActiveCfg = Debug|Any CPU
		{8852CDD9-70DB-4478-A59A-EDA12AB5FB48}.Debug|Any CPU.Build.0 = Debug|Any CPU
		{8852CDD9-70DB-4478-A59A-EDA12AB5FB48}.Release|Any CPU.ActiveCfg = Release|Any CPU
		{8852CDD9-70DB-4478-A59A-EDA12AB5FB48}.Release|Any CPU.Build.0 = Release|Any CPU
		{B05581F2-B862-449F-9DE2-1031C5A64496}.Debug|Any CPU.ActiveCfg = Debug|Any CPU
		{B05581F2-B862-449F-9DE2-1031C5A64496}.Debug|Any CPU.Build.0 = Debug|Any CPU
		{B05581F2-B862-449F-9DE2-1031C5A64496}.Release|Any CPU.ActiveCfg = Release|Any CPU
		{B05581F2-B862-449F-9DE2-1031C5A64496}.Release|Any CPU.Build.0 = Release|Any CPU
		{AC71F0F5-D111-4070-9F77-6DFAA302EDC2}.Debug|Any CPU.ActiveCfg = Debug|Any CPU
		{AC71F0F5-D111-4070-9F77-6DFAA302EDC2}.Debug|Any CPU.Build.0 = Debug|Any CPU
		{AC71F0F5-D111-4070-9F77-6DFAA302EDC2}.Release|Any CPU.ActiveCfg = Release|Any CPU
		{AC71F0F5-D111-4070-9F77-6DFAA302EDC2}.Release|Any CPU.Build.0 = Release|Any CPU
	EndGlobalSection
	GlobalSection(SolutionProperties) = preSolution
		HideSolutionNode = FALSE
	EndGlobalSection
	GlobalSection(ExtensibilityGlobals) = postSolution
		SolutionGuid = {63DB7D5D-74C7-4EA7-8CFE-B2E573A75539}
	EndGlobalSection
EndGlobal
